// !$*UTF8*$!
{
	archiveVersion = 1;
	classes = {
	};
	objectVersion = 46;
	objects = {

/* Begin PBXBuildFile section */
		8386DAFD1902D69F00EFF3A3 /* Cocoa.framework in Frameworks */ = {isa = PBXBuildFile; fileRef = 8386DAFC1902D69F00EFF3A3 /* Cocoa.framework */; };
		8386DB391902D75400EFF3A3 /* IOKit.framework in Frameworks */ = {isa = PBXBuildFile; fileRef = 8386DB381902D75400EFF3A3 /* IOKit.framework */; };
		8386DB3B1902D75900EFF3A3 /* OpenGL.framework in Frameworks */ = {isa = PBXBuildFile; fileRef = 8386DB3A1902D75900EFF3A3 /* OpenGL.framework */; };
		8386DB3D1902D75E00EFF3A3 /* OpenAL.framework in Frameworks */ = {isa = PBXBuildFile; fileRef = 8386DB3C1902D75E00EFF3A3 /* OpenAL.framework */; };
		83CC0ECB1902DF1F00BD47E8 /* core.cpp in Sources */ = {isa = PBXBuildFile; fileRef = 83CC0EC51902DF1F00BD47E8 /* core.cpp */; };
		83CC0ECC1902DF1F00BD47E8 /* game.cpp in Sources */ = {isa = PBXBuildFile; fileRef = 83CC0EC71902DF1F00BD47E8 /* game.cpp */; };
		83CC0ECD1902DF1F00BD47E8 /* sys_osx.cpp in Sources */ = {isa = PBXBuildFile; fileRef = 83CC0EC91902DF1F00BD47E8 /* sys_osx.cpp */; };
		83CC0ECF1902E26000BD47E8 /* data in Resources */ = {isa = PBXBuildFile; fileRef = 83CC0ECE1902E26000BD47E8 /* data */; };
/* End PBXBuildFile section */

/* Begin PBXFileReference section */
		8386DAF91902D69F00EFF3A3 /* spacecrashosx.app */ = {isa = PBXFileReference; explicitFileType = wrapper.application; includeInIndex = 0; path = spacecrashosx.app; sourceTree = BUILT_PRODUCTS_DIR; };
		8386DAFC1902D69F00EFF3A3 /* Cocoa.framework */ = {isa = PBXFileReference; lastKnownFileType = wrapper.framework; name = Cocoa.framework; path = System/Library/Frameworks/Cocoa.framework; sourceTree = SDKROOT; };
		8386DB141902D69F00EFF3A3 /* Images.xcassets */ = {isa = PBXFileReference; lastKnownFileType = folder.assetcatalog; path = Images.xcassets; sourceTree = "<group>"; };
		8386DB381902D75400EFF3A3 /* IOKit.framework */ = {isa = PBXFileReference; lastKnownFileType = wrapper.framework; name = IOKit.framework; path = System/Library/Frameworks/IOKit.framework; sourceTree = SDKROOT; };
		8386DB3A1902D75900EFF3A3 /* OpenGL.framework */ = {isa = PBXFileReference; lastKnownFileType = wrapper.framework; name = OpenGL.framework; path = System/Library/Frameworks/OpenGL.framework; sourceTree = SDKROOT; };
		8386DB3C1902D75E00EFF3A3 /* OpenAL.framework */ = {isa = PBXFileReference; lastKnownFileType = wrapper.framework; name = OpenAL.framework; path = System/Library/Frameworks/OpenAL.framework; sourceTree = SDKROOT; };
		83CC0EC41902DF1F00BD47E8 /* base.h */ = {isa = PBXFileReference; fileEncoding = 4; lastKnownFileType = sourcecode.c.h; path = base.h; sourceTree = "<group>"; };
		83CC0EC51902DF1F00BD47E8 /* core.cpp */ = {isa = PBXFileReference; fileEncoding = 4; lastKnownFileType = sourcecode.cpp.cpp; path = core.cpp; sourceTree = "<group>"; };
		83CC0EC61902DF1F00BD47E8 /* core.h */ = {isa = PBXFileReference; fileEncoding = 4; lastKnownFileType = sourcecode.c.h; path = core.h; sourceTree = "<group>"; };
		83CC0EC71902DF1F00BD47E8 /* game.cpp */ = {isa = PBXFileReference; fileEncoding = 4; lastKnownFileType = sourcecode.cpp.cpp; path = game.cpp; sourceTree = "<group>"; };
		83CC0EC81902DF1F00BD47E8 /* stdafx.h */ = {isa = PBXFileReference; fileEncoding = 4; lastKnownFileType = sourcecode.c.h; path = stdafx.h; sourceTree = "<group>"; };
		83CC0EC91902DF1F00BD47E8 /* sys_osx.cpp */ = {isa = PBXFileReference; fileEncoding = 4; lastKnownFileType = sourcecode.cpp.cpp; path = sys_osx.cpp; sourceTree = "<group>"; };
		83CC0ECA1902DF1F00BD47E8 /* sys.h */ = {isa = PBXFileReference; fileEncoding = 4; lastKnownFileType = sourcecode.c.h; path = sys.h; sourceTree = "<group>"; };
		83CC0ECE1902E26000BD47E8 /* data */ = {isa = PBXFileReference; lastKnownFileType = folder; path = data; sourceTree = "<group>"; };
/* End PBXFileReference section */

/* Begin PBXFrameworksBuildPhase section */
		8386DAF61902D69F00EFF3A3 /* Frameworks */ = {
			isa = PBXFrameworksBuildPhase;
			buildActionMask = 2147483647;
			files = (
				8386DB3D1902D75E00EFF3A3 /* OpenAL.framework in Frameworks */,
				8386DB3B1902D75900EFF3A3 /* OpenGL.framework in Frameworks */,
				8386DB391902D75400EFF3A3 /* IOKit.framework in Frameworks */,
				8386DAFD1902D69F00EFF3A3 /* Cocoa.framework in Frameworks */,
			);
			runOnlyForDeploymentPostprocessing = 0;
		};
/* End PBXFrameworksBuildPhase section */

/* Begin PBXGroup section */
		8386DAF01902D69F00EFF3A3 = {
			isa = PBXGroup;
			children = (
				8386DB021902D69F00EFF3A3 /* spacecrashosx */,
				8386DAFB1902D69F00EFF3A3 /* Frameworks */,
				8386DAFA1902D69F00EFF3A3 /* Products */,
			);
			sourceTree = "<group>";
		};
		8386DAFA1902D69F00EFF3A3 /* Products */ = {
			isa = PBXGroup;
			children = (
				8386DAF91902D69F00EFF3A3 /* spacecrashosx.app */,
			);
			name = Products;
			sourceTree = "<group>";
		};
		8386DAFB1902D69F00EFF3A3 /* Frameworks */ = {
			isa = PBXGroup;
			children = (
				8386DB3C1902D75E00EFF3A3 /* OpenAL.framework */,
				8386DB3A1902D75900EFF3A3 /* OpenGL.framework */,
				8386DB381902D75400EFF3A3 /* IOKit.framework */,
				8386DAFC1902D69F00EFF3A3 /* Cocoa.framework */,
			);
			name = Frameworks;
			sourceTree = "<group>";
		};
		8386DB021902D69F00EFF3A3 /* spacecrashosx */ = {
			isa = PBXGroup;
			children = (
				83CC0ECE1902E26000BD47E8 /* data */,
				83CC0EC41902DF1F00BD47E8 /* base.h */,
				83CC0EC51902DF1F00BD47E8 /* core.cpp */,
				83CC0EC61902DF1F00BD47E8 /* core.h */,
				83CC0EC71902DF1F00BD47E8 /* game.cpp */,
				83CC0EC81902DF1F00BD47E8 /* stdafx.h */,
				83CC0EC91902DF1F00BD47E8 /* sys_osx.cpp */,
				83CC0ECA1902DF1F00BD47E8 /* sys.h */,
				8386DB141902D69F00EFF3A3 /* Images.xcassets */,
			);
			path = spacecrashosx;
			sourceTree = "<group>";
		};
/* End PBXGroup section */

/* Begin PBXNativeTarget section */
		8386DAF81902D69F00EFF3A3 /* spacecrashosx */ = {
			isa = PBXNativeTarget;
			buildConfigurationList = 8386DB2A1902D69F00EFF3A3 /* Build configuration list for PBXNativeTarget "spacecrashosx" */;
			buildPhases = (
				8386DAF51902D69F00EFF3A3 /* Sources */,
				8386DAF61902D69F00EFF3A3 /* Frameworks */,
				8386DAF71902D69F00EFF3A3 /* Resources */,
			);
			buildRules = (
			);
			dependencies = (
			);
			name = spacecrashosx;
			productName = spacecrashosx;
			productReference = 8386DAF91902D69F00EFF3A3 /* spacecrashosx.app */;
			productType = "com.apple.product-type.application";
		};
/* End PBXNativeTarget section */

/* Begin PBXProject section */
		8386DAF11902D69F00EFF3A3 /* Project object */ = {
			isa = PBXProject;
			attributes = {
				CLASSPREFIX = CE;
				LastUpgradeCheck = 0500;
				ORGANIZATIONNAME = "Chris Edson";
			};
			buildConfigurationList = 8386DAF41902D69F00EFF3A3 /* Build configuration list for PBXProject "spacecrashosx" */;
			compatibilityVersion = "Xcode 3.2";
			developmentRegion = English;
			hasScannedForEncodings = 0;
			knownRegions = (
				en,
				Base,
			);
			mainGroup = 8386DAF01902D69F00EFF3A3;
			productRefGroup = 8386DAFA1902D69F00EFF3A3 /* Products */;
			projectDirPath = "";
			projectRoot = "";
			targets = (
				8386DAF81902D69F00EFF3A3 /* spacecrashosx */,
			);
		};
/* End PBXProject section */

/* Begin PBXResourcesBuildPhase section */
		8386DAF71902D69F00EFF3A3 /* Resources */ = {
			isa = PBXResourcesBuildPhase;
			buildActionMask = 2147483647;
			files = (
				83CC0ECF1902E26000BD47E8 /* data in Resources */,
			);
			runOnlyForDeploymentPostprocessing = 0;
		};
/* End PBXResourcesBuildPhase section */

/* Begin PBXSourcesBuildPhase section */
		8386DAF51902D69F00EFF3A3 /* Sources */ = {
			isa = PBXSourcesBuildPhase;
			buildActionMask = 2147483647;
			files = (
				83CC0ECB1902DF1F00BD47E8 /* core.cpp in Sources */,
				83CC0ECD1902DF1F00BD47E8 /* sys_osx.cpp in Sources */,
				83CC0ECC1902DF1F00BD47E8 /* game.cpp in Sources */,
			);
			runOnlyForDeploymentPostprocessing = 0;
		};
/* End PBXSourcesBuildPhase section */

/* Begin XCBuildConfiguration section */
		8386DB281902D69F00EFF3A3 /* Debug */ = {
			isa = XCBuildConfiguration;
			buildSettings = {
				ALWAYS_SEARCH_USER_PATHS = NO;
				CLANG_CXX_LANGUAGE_STANDARD = "gnu++0x";
				CLANG_CXX_LIBRARY = "libc++";
				CLANG_ENABLE_OBJC_ARC = YES;
				CLANG_WARN_BOOL_CONVERSION = YES;
				CLANG_WARN_CONSTANT_CONVERSION = YES;
				CLANG_WARN_DIRECT_OBJC_ISA_USAGE = YES_ERROR;
				CLANG_WARN_EMPTY_BODY = YES;
				CLANG_WARN_ENUM_CONVERSION = YES;
				CLANG_WARN_INT_CONVERSION = YES;
				CLANG_WARN_OBJC_ROOT_CLASS = YES_ERROR;
				CLANG_WARN__DUPLICATE_METHOD_MATCH = YES;
				COPY_PHASE_STRIP = NO;
				GCC_C_LANGUAGE_STANDARD = gnu99;
				GCC_DYNAMIC_NO_PIC = NO;
				GCC_ENABLE_OBJC_EXCEPTIONS = YES;
				GCC_OPTIMIZATION_LEVEL = 0;
				GCC_PREPROCESSOR_DEFINITIONS = (
					"DEBUG=1",
					"$(inherited)",
				);
				GCC_SYMBOLS_PRIVATE_EXTERN = NO;
				GCC_WARN_64_TO_32_BIT_CONVERSION = YES;
				GCC_WARN_ABOUT_RETURN_TYPE = YES_ERROR;
				GCC_WARN_UNDECLARED_SELECTOR = YES;
				GCC_WARN_UNINITIALIZED_AUTOS = YES;
				GCC_WARN_UNUSED_FUNCTION = YES;
				GCC_WARN_UNUSED_VARIABLE = YES;
				MACOSX_DEPLOYMENT_TARGET = 10.9;
				ONLY_ACTIVE_ARCH = YES;
				SDKROOT = macosx;
			};
			name = Debug;
		};
		8386DB291902D69F00EFF3A3 /* Release */ = {
			isa = XCBuildConfiguration;
			buildSettings = {
				ALWAYS_SEARCH_USER_PATHS = NO;
				CLANG_CXX_LANGUAGE_STANDARD = "gnu++0x";
				CLANG_CXX_LIBRARY = "libc++";
				CLANG_ENABLE_OBJC_ARC = YES;
				CLANG_WARN_BOOL_CONVERSION = YES;
				CLANG_WARN_CONSTANT_CONVERSION = YES;
				CLANG_WARN_DIRECT_OBJC_ISA_USAGE = YES_ERROR;
				CLANG_WARN_EMPTY_BODY = YES;
				CLANG_WARN_ENUM_CONVERSION = YES;
				CLANG_WARN_INT_CONVERSION = YES;
				CLANG_WARN_OBJC_ROOT_CLASS = YES_ERROR;
				CLANG_WARN__DUPLICATE_METHOD_MATCH = YES;
				COPY_PHASE_STRIP = YES;
				DEBUG_INFORMATION_FORMAT = "dwarf-with-dsym";
				ENABLE_NS_ASSERTIONS = NO;
				GCC_C_LANGUAGE_STANDARD = gnu99;
				GCC_ENABLE_OBJC_EXCEPTIONS = YES;
				GCC_WARN_64_TO_32_BIT_CONVERSION = YES;
				GCC_WARN_ABOUT_RETURN_TYPE = YES_ERROR;
				GCC_WARN_UNDECLARED_SELECTOR = YES;
				GCC_WARN_UNINITIALIZED_AUTOS = YES;
				GCC_WARN_UNUSED_FUNCTION = YES;
				GCC_WARN_UNUSED_VARIABLE = YES;
				MACOSX_DEPLOYMENT_TARGET = 10.9;
				SDKROOT = macosx;
			};
			name = Release;
		};
		8386DB2B1902D69F00EFF3A3 /* Debug */ = {
			isa = XCBuildConfiguration;
			buildSettings = {
				ASSETCATALOG_COMPILER_APPICON_NAME = AppIcon;
				COMBINE_HIDPI_IMAGES = YES;
				GCC_PRECOMPILE_PREFIX_HEADER = YES;
				GCC_PREFIX_HEADER = "spacecrashosx/spacecrashosx-Prefix.pch";
				HEADER_SEARCH_PATHS = (
					"$(inherited)",
					/Applications/Xcode.app/Contents/Developer/Toolchains/XcodeDefault.xctoolchain/usr/include,
					/usr/local/include,
				);
				INFOPLIST_FILE = "spacecrashosx/spacecrashosx-Info.plist";
				LIBRARY_SEARCH_PATHS = /usr/local/lib;
				ONLY_ACTIVE_ARCH = YES;
				OTHER_LDFLAGS = "-lglfw";
				PRODUCT_NAME = "$(TARGET_NAME)";
				WRAPPER_EXTENSION = app;
			};
			name = Debug;
		};
		8386DB2C1902D69F00EFF3A3 /* Release */ = {
			isa = XCBuildConfiguration;
			buildSettings = {
				ASSETCATALOG_COMPILER_APPICON_NAME = AppIcon;
				COMBINE_HIDPI_IMAGES = YES;
				GCC_PRECOMPILE_PREFIX_HEADER = YES;
				GCC_PREFIX_HEADER = "spacecrashosx/spacecrashosx-Prefix.pch";
				HEADER_SEARCH_PATHS = (
					"$(inherited)",
					/Applications/Xcode.app/Contents/Developer/Toolchains/XcodeDefault.xctoolchain/usr/include,
					/usr/local/include,
				);
				INFOPLIST_FILE = "spacecrashosx/spacecrashosx-Info.plist";
				LIBRARY_SEARCH_PATHS = /usr/local/lib;
				ONLY_ACTIVE_ARCH = NO;
				OTHER_LDFLAGS = "-lglfw";
				PRODUCT_NAME = "$(TARGET_NAME)";
				WRAPPER_EXTENSION = app;
			};
			name = Release;
		};
/* End XCBuildConfiguration section */

/* Begin XCConfigurationList section */
		8386DAF41902D69F00EFF3A3 /* Build configuration list for PBXProject "spacecrashosx" */ = {
			isa = XCConfigurationList;
			buildConfigurations = (
				8386DB281902D69F00EFF3A3 /* Debug */,
				8386DB291902D69F00EFF3A3 /* Release */,
			);
			defaultConfigurationIsVisible = 0;
			defaultConfigurationName = Release;
		};
		8386DB2A1902D69F00EFF3A3 /* Build configuration list for PBXNativeTarget "spacecrashosx" */ = {
			isa = XCConfigurationList;
			buildConfigurations = (
				8386DB2B1902D69F00EFF3A3 /* Debug */,
				8386DB2C1902D69F00EFF3A3 /* Release */,
			);
			defaultConfigurationIsVisible = 0;
			defaultConfigurationName = Release;
		};
/* End XCConfigurationList section */
	};
	rootObject = 8386DAF11902D69F00EFF3A3 /* Project object */;
}
